# THIS IS AN AUTOGENERATED FILE. DO NOT EDIT THIS FILE DIRECTLY.
# yarn lockfile v1


ansi-html@0.0.8:
  version "0.0.8"
  resolved "https://registry.yarnpkg.com/ansi-html/-/ansi-html-0.0.8.tgz#e969db193b12bcdfa6727b29ffd8882dc13cc501"
  integrity sha512-QROYz1I1Kj+8bTYgx0IlMBpRSCIU+7GjbE0oH+KF7QKc+qSF8YAlIutN59Db17tXN70Ono9upT9Ht0iG93W7ug==

lodash@4.18.1:
  version "4.18.1"
  resolved "https://registry.yarnpkg.com/lodash/-/lodash-4.18.1.tgz#ff2b66c1f6326d59513de2407bf881439812771c"
  integrity sha512-dMInicTPVE8d1e5otfwmmjlxkZoUpiVLwyeTdUsi/Caj/gfzzblBcCE5sRHV/AsjuCmxWrte2TNGSYuCeCq+0Q==
